
Microsoft Visual Studio Solution File, Format Version 11.00
# Visual Studio 2010
Project("{FAE04EC0-301F-11D3-BF4B-00C04F79EFBC}") = "PostalDemo", "PostalDemo\PostalDemo.csproj", "{611E6E28-29C4-4E58-A5D6-B4FEEC2D605C}"
EndProject
Project("{FAE04EC0-301F-11D3-BF4B-00C04F79EFBC}") = "PostalDemo.Tests", "PostalDemo.Tests\PostalDemo.Tests.csproj", "{433211E1-8ACB-4793-BD9F-C8CAC0EC8FFB}"
EndProject
Global
	GlobalSection(SolutionConfigurationPlatforms) = preSolution
		Debug|Any CPU = Debug|Any CPU
		Release|Any CPU = Release|Any CPU
	EndGlobalSection
	GlobalSection(ProjectConfigurationPlatforms) = postSolution
		{611E6E28-29C4-4E58-A5D6-B4FEEC2D605C}.Debug|Any CPU.ActiveCfg = Debug|Any CPU
		{611E6E28-29C4-4E58-A5D6-B4FEEC2D605C}.Debug|Any CPU.Build.0 = Debug|Any CPU
		{611E6E28-29C4-4E58-A5D6-B4FEEC2D605C}.Release|Any CPU.ActiveCfg = Release|Any CPU
		{611E6E28-29C4-4E58-A5D6-B4FEEC2D605C}.Release|Any CPU.Build.0 = Release|Any CPU
		{433211E1-8ACB-4793-BD9F-C8CAC0EC8FFB}.Debug|Any CPU.ActiveCfg = Debug|Any CPU
		{433211E1-8ACB-4793-BD9F-C8CAC0EC8FFB}.Debug|Any CPU.Build.0 = Debug|Any CPU
		{433211E1-8ACB-4793-BD9F-C8CAC0EC8FFB}.Release|Any CPU.ActiveCfg = Release|Any CPU
		{433211E1-8ACB-4793-BD9F-C8CAC0EC8FFB}.Release|Any CPU.Build.0 = Release|Any CPU
	EndGlobalSection
	GlobalSection(SolutionProperties) = preSolution
		HideSolutionNode = FALSE
	EndGlobalSection
EndGlobal
